
Microsoft Visual Studio Solution File, Format Version 12.00
# Visual Studio Version 16
VisualStudioVersion = 16.0.29905.134
MinimumVisualStudioVersion = 10.0.40219.1
Project("{FAE04EC0-301F-11D3-BF4B-00C04F79EFBC}") = "cw3", "cw3\cw3.csproj", "{B8EC0451-714E-4952-988B-98E3B12CE15F}"
EndProject
Global
	GlobalSection(SolutionConfigurationPlatforms) = preSolution
		Debug|Any CPU = Debug|Any CPU
		Release|Any CPU = Release|Any CPU
	EndGlobalSection
	GlobalSection(ProjectConfigurationPlatforms) = postSolution
		{B8EC0451-714E-4952-988B-98E3B12CE15F}.Debug|Any CPU.ActiveCfg = Debug|Any CPU
		{B8EC0451-714E-4952-988B-98E3B12CE15F}.Debug|Any CPU.Build.0 = Debug|Any CPU
		{B8EC0451-714E-4952-988B-98E3B12CE15F}.Release|Any CPU.ActiveCfg = Release|Any CPU
		{B8EC0451-714E-4952-988B-98E3B12CE15F}.Release|Any CPU.Build.0 = Release|Any CPU
	EndGlobalSection
	GlobalSection(SolutionProperties) = preSolution
		HideSolutionNode = FALSE
	EndGlobalSection
	GlobalSection(ExtensibilityGlobals) = postSolution
		SolutionGuid = {BA5391FF-F6CF-44AA-B0BE-DFBA981E9960}
	EndGlobalSection
EndGlobal
